
Microsoft Visual Studio Solution File, Format Version 12.00
# Visual Studio 2015
Project("{FAE04EC0-301F-11D3-BF4B-00C04F79EFBC}") = "Lab 10.CSharp.Plugins", "Lab 10.CSharp.Plugins.csproj", "{EF610F31-51D3-AFC0-B30C-AB349892C123}"
EndProject
Project("{FAE04EC0-301F-11D3-BF4B-00C04F79EFBC}") = "Lab 10.CSharp", "Lab 10.CSharp.csproj", "{0F60E7CF-9193-5CC4-0387-267A234F3A2E}"
EndProject
Global
	GlobalSection(SolutionConfigurationPlatforms) = preSolution
		Debug|Any CPU = Debug|Any CPU
		Release|Any CPU = Release|Any CPU
	EndGlobalSection
	GlobalSection(ProjectConfigurationPlatforms) = postSolution
		{EF610F31-51D3-AFC0-B30C-AB349892C123}.Debug|Any CPU.ActiveCfg = Debug|Any CPU
		{EF610F31-51D3-AFC0-B30C-AB349892C123}.Debug|Any CPU.Build.0 = Debug|Any CPU
		{EF610F31-51D3-AFC0-B30C-AB349892C123}.Release|Any CPU.ActiveCfg = Release|Any CPU
		{EF610F31-51D3-AFC0-B30C-AB349892C123}.Release|Any CPU.Build.0 = Release|Any CPU
		{0F60E7CF-9193-5CC4-0387-267A234F3A2E}.Debug|Any CPU.ActiveCfg = Debug|Any CPU
		{0F60E7CF-9193-5CC4-0387-267A234F3A2E}.Debug|Any CPU.Build.0 = Debug|Any CPU
		{0F60E7CF-9193-5CC4-0387-267A234F3A2E}.Release|Any CPU.ActiveCfg = Release|Any CPU
		{0F60E7CF-9193-5CC4-0387-267A234F3A2E}.Release|Any CPU.Build.0 = Release|Any CPU
	EndGlobalSection
	GlobalSection(SolutionProperties) = preSolution
		HideSolutionNode = FALSE
	EndGlobalSection
EndGlobal
